
Microsoft Visual Studio Solution File, Format Version 10.00
# Visual Studio 2008
Project("{FAE04EC0-301F-11D3-BF4B-00C04F79EFBC}") = "System.Web.Mvc", "v1\System.Web.Mvc.csproj", "{3D3FFD8A-624D-4E9B-954B-E1C105507975}"
EndProject
Project("{2150E333-8FDC-42A3-9474-1A3956D46DE8}") = "ReferenceAssemblies", "ReferenceAssemblies", "{749C28D8-5653-4DCA-9C11-ADE63BA1F766}"
	ProjectSection(SolutionItems) = preProject
		..\ReferenceAssemblies\System.Web.Abstractions.dll = ..\ReferenceAssemblies\System.Web.Abstractions.dll
		..\ReferenceAssemblies\System.Web.Routing.dll = ..\ReferenceAssemblies\System.Web.Routing.dll
	EndProjectSection
EndProject
Project("{FAE04EC0-301F-11D3-BF4B-00C04F79EFBC}") = "UnitTestUtil", "Test\UnitTestUtil\UnitTestUtil.csproj", "{57FFC134-7F9D-4B97-8692-8D2C16714663}"
EndProject
Project("{FAE04EC0-301F-11D3-BF4B-00C04F79EFBC}") = "System.Web.Mvc.Test", "Test\SystemWebMvcTest\System.Web.Mvc.Test.csproj", "{8AC2A2E4-2F11-4D40-A887-62E2583A65E6}"
EndProject
Project("{FAE04EC0-301F-11D3-BF4B-00C04F79EFBC}") = "CodePlexMvcTemplatesVSI", "CodePlexMVCTemplates\CodePlexMvcTemplatesVSI.csproj", "{AA318123-8EB7-406D-A8F2-6924EE753012}"
EndProject
Global
	GlobalSection(SolutionConfigurationPlatforms) = preSolution
		Debug|Any CPU = Debug|Any CPU
		Release|Any CPU = Release|Any CPU
	EndGlobalSection
	GlobalSection(ProjectConfigurationPlatforms) = postSolution
		{3D3FFD8A-624D-4E9B-954B-E1C105507975}.Debug|Any CPU.ActiveCfg = Debug|Any CPU
		{3D3FFD8A-624D-4E9B-954B-E1C105507975}.Debug|Any CPU.Build.0 = Debug|Any CPU
		{3D3FFD8A-624D-4E9B-954B-E1C105507975}.Release|Any CPU.ActiveCfg = Release|Any CPU
		{3D3FFD8A-624D-4E9B-954B-E1C105507975}.Release|Any CPU.Build.0 = Release|Any CPU
		{57FFC134-7F9D-4B97-8692-8D2C16714663}.Debug|Any CPU.ActiveCfg = Debug|Any CPU
		{57FFC134-7F9D-4B97-8692-8D2C16714663}.Debug|Any CPU.Build.0 = Debug|Any CPU
		{57FFC134-7F9D-4B97-8692-8D2C16714663}.Release|Any CPU.ActiveCfg = Release|Any CPU
		{57FFC134-7F9D-4B97-8692-8D2C16714663}.Release|Any CPU.Build.0 = Release|Any CPU
		{8AC2A2E4-2F11-4D40-A887-62E2583A65E6}.Debug|Any CPU.ActiveCfg = Debug|Any CPU
		{8AC2A2E4-2F11-4D40-A887-62E2583A65E6}.Debug|Any CPU.Build.0 = Debug|Any CPU
		{8AC2A2E4-2F11-4D40-A887-62E2583A65E6}.Release|Any CPU.ActiveCfg = Release|Any CPU
		{8AC2A2E4-2F11-4D40-A887-62E2583A65E6}.Release|Any CPU.Build.0 = Release|Any CPU
		{AA318123-8EB7-406D-A8F2-6924EE753012}.Debug|Any CPU.ActiveCfg = Debug|Any CPU
		{AA318123-8EB7-406D-A8F2-6924EE753012}.Debug|Any CPU.Build.0 = Debug|Any CPU
		{AA318123-8EB7-406D-A8F2-6924EE753012}.Release|Any CPU.ActiveCfg = Release|Any CPU
		{AA318123-8EB7-406D-A8F2-6924EE753012}.Release|Any CPU.Build.0 = Release|Any CPU
	EndGlobalSection
	GlobalSection(SolutionProperties) = preSolution
		HideSolutionNode = FALSE
	EndGlobalSection
EndGlobal
