
Microsoft Visual Studio Solution File, Format Version 10.00
# Visual Studio 2008
Project("{FAE04EC0-301F-11D3-BF4B-00C04F79EFBC}") = "Micorosft.Web.Preview.Search", "Micorosft.Web.Preview.Search.csproj", "{AE5D8DC7-AD3F-46F6-A1C4-C75A7AC66EBC}"
EndProject
Global
	GlobalSection(SolutionConfigurationPlatforms) = preSolution
		Debug|Any CPU = Debug|Any CPU
		Release|Any CPU = Release|Any CPU
	EndGlobalSection
	GlobalSection(ProjectConfigurationPlatforms) = postSolution
		{AE5D8DC7-AD3F-46F6-A1C4-C75A7AC66EBC}.Debug|Any CPU.ActiveCfg = Debug|Any CPU
		{AE5D8DC7-AD3F-46F6-A1C4-C75A7AC66EBC}.Debug|Any CPU.Build.0 = Debug|Any CPU
		{AE5D8DC7-AD3F-46F6-A1C4-C75A7AC66EBC}.Release|Any CPU.ActiveCfg = Release|Any CPU
		{AE5D8DC7-AD3F-46F6-A1C4-C75A7AC66EBC}.Release|Any CPU.Build.0 = Release|Any CPU
	EndGlobalSection
	GlobalSection(SolutionProperties) = preSolution
		HideSolutionNode = FALSE
	EndGlobalSection
EndGlobal
